
Microsoft Visual Studio Solution File, Format Version 12.00
# Visual Studio Version 17
VisualStudioVersion = 17.9.34622.214
MinimumVisualStudioVersion = 10.0.40219.1
Project("{FAE04EC0-301F-11D3-BF4B-00C04F79EFBC}") = "RedisDemo.InMemory", "RedisDemo.InMemory\RedisDemo.InMemory.csproj", "{EEA6D891-CC4D-43AB-B91C-91310C821258}"
EndProject
Global
	GlobalSection(SolutionConfigurationPlatforms) = preSolution
		Debug|Any CPU = Debug|Any CPU
		Release|Any CPU = Release|Any CPU
	EndGlobalSection
	GlobalSection(ProjectConfigurationPlatforms) = postSolution
		{EEA6D891-CC4D-43AB-B91C-91310C821258}.Debug|Any CPU.ActiveCfg = Debug|Any CPU
		{EEA6D891-CC4D-43AB-B91C-91310C821258}.Debug|Any CPU.Build.0 = Debug|Any CPU
		{EEA6D891-CC4D-43AB-B91C-91310C821258}.Release|Any CPU.ActiveCfg = Release|Any CPU
		{EEA6D891-CC4D-43AB-B91C-91310C821258}.Release|Any CPU.Build.0 = Release|Any CPU
	EndGlobalSection
	GlobalSection(SolutionProperties) = preSolution
		HideSolutionNode = FALSE
	EndGlobalSection
	GlobalSection(ExtensibilityGlobals) = postSolution
		SolutionGuid = {6C12CBD2-056D-4D5C-B39B-0F21053D6FD1}
	EndGlobalSection
EndGlobal
